
Microsoft Visual Studio Solution File, Format Version 12.00
# Visual Studio Version 16
VisualStudioVersion = 16.0.32802.440
MinimumVisualStudioVersion = 10.0.40219.1
Project("{FAE04EC0-301F-11D3-BF4B-00C04F79EFBC}") = "QuanLiNhaTro", "QuanLiNhaTro\QuanLiNhaTro.csproj", "{9CFD00E4-C81D-4158-AE74-28C71B2D3866}"
EndProject
Global
	GlobalSection(SolutionConfigurationPlatforms) = preSolution
		Debug|Any CPU = Debug|Any CPU
		Release|Any CPU = Release|Any CPU
	EndGlobalSection
	GlobalSection(ProjectConfigurationPlatforms) = postSolution
		{9CFD00E4-C81D-4158-AE74-28C71B2D3866}.Debug|Any CPU.ActiveCfg = Debug|Any CPU
		{9CFD00E4-C81D-4158-AE74-28C71B2D3866}.Debug|Any CPU.Build.0 = Debug|Any CPU
		{9CFD00E4-C81D-4158-AE74-28C71B2D3866}.Release|Any CPU.ActiveCfg = Release|Any CPU
		{9CFD00E4-C81D-4158-AE74-28C71B2D3866}.Release|Any CPU.Build.0 = Release|Any CPU
	EndGlobalSection
	GlobalSection(SolutionProperties) = preSolution
		HideSolutionNode = FALSE
	EndGlobalSection
	GlobalSection(ExtensibilityGlobals) = postSolution
		SolutionGuid = {46318854-FB44-4340-846A-8BD97A452923}
	EndGlobalSection
EndGlobal
